PODS:
  - ffmpeg_kit_flutter_new (1.0.0):
    - ffmpeg_kit_flutter_new/full-gpl (= 1.0.0)
    - FlutterMacOS
  - ffmpeg_kit_flutter_new/full-gpl (1.0.0):
    - FlutterMacOS
  - FlutterMacOS (1.0.0)
  - pro_video_editor (0.0.1):
    - FlutterMacOS

DEPENDENCIES:
  - ffmpeg_kit_flutter_new (from `Flutter/ephemeral/.symlinks/plugins/ffmpeg_kit_flutter_new/macos`)
  - FlutterMacOS (from `Flutter/ephemeral`)
  - pro_video_editor (from `Flutter/ephemeral/.symlinks/plugins/pro_video_editor/macos`)

EXTERNAL SOURCES:
  ffmpeg_kit_flutter_new:
    :path: Flutter/ephemeral/.symlinks/plugins/ffmpeg_kit_flutter_new/macos
  FlutterMacOS:
    :path: Flutter/ephemeral
  pro_video_editor:
    :path: Flutter/ephemeral/.symlinks/plugins/pro_video_editor/macos

SPEC CHECKSUMS:
  ffmpeg_kit_flutter_new: f2693ef0662ecf167d8d0ed9706e12a556f9d61c
  FlutterMacOS: d0db08ddef1a9af05a5ec4b724367152bb0500b1
  pro_video_editor: 9a76a7e438e2d42965680599df7fbb4c0f688a83

PODFILE CHECKSUM: e24ccfef4c62112fc0662f7f005ccb1870ae0b65

COCOAPODS: 1.16.2
